
Microsoft Visual Studio Solution File, Format Version 12.00
# Visual Studio Version 17
VisualStudioVersion = 17.1.32319.34
MinimumVisualStudioVersion = 10.0.40219.1
Project("{9A19103F-16F7-4668-BE54-9A1E7A4F7556}") = "Blazor", "Blazor\Blazor.csproj", "{127B5F5D-ADBA-4A0C-BD51-B7B8722B4193}"
EndProject
Project("{9A19103F-16F7-4668-BE54-9A1E7A4F7556}") = "Modelos", "Modelos\Modelos.csproj", "{AEA791EB-692E-4541-8580-E687B8B08F96}"
EndProject
Project("{9A19103F-16F7-4668-BE54-9A1E7A4F7556}") = "Datos", "Datos\Datos.csproj", "{94A5293B-5308-4A59-BED5-53B00EFAF773}"
EndProject
Global
	GlobalSection(SolutionConfigurationPlatforms) = preSolution
		Debug|Any CPU = Debug|Any CPU
		Release|Any CPU = Release|Any CPU
	EndGlobalSection
	GlobalSection(ProjectConfigurationPlatforms) = postSolution
		{127B5F5D-ADBA-4A0C-BD51-B7B8722B4193}.Debug|Any CPU.ActiveCfg = Debug|Any CPU
		{127B5F5D-ADBA-4A0C-BD51-B7B8722B4193}.Debug|Any CPU.Build.0 = Debug|Any CPU
		{127B5F5D-ADBA-4A0C-BD51-B7B8722B4193}.Release|Any CPU.ActiveCfg = Release|Any CPU
		{127B5F5D-ADBA-4A0C-BD51-B7B8722B4193}.Release|Any CPU.Build.0 = Release|Any CPU
		{AEA791EB-692E-4541-8580-E687B8B08F96}.Debug|Any CPU.ActiveCfg = Debug|Any CPU
		{AEA791EB-692E-4541-8580-E687B8B08F96}.Debug|Any CPU.Build.0 = Debug|Any CPU
		{AEA791EB-692E-4541-8580-E687B8B08F96}.Release|Any CPU.ActiveCfg = Release|Any CPU
		{AEA791EB-692E-4541-8580-E687B8B08F96}.Release|Any CPU.Build.0 = Release|Any CPU
		{94A5293B-5308-4A59-BED5-53B00EFAF773}.Debug|Any CPU.ActiveCfg = Debug|Any CPU
		{94A5293B-5308-4A59-BED5-53B00EFAF773}.Debug|Any CPU.Build.0 = Debug|Any CPU
		{94A5293B-5308-4A59-BED5-53B00EFAF773}.Release|Any CPU.ActiveCfg = Release|Any CPU
		{94A5293B-5308-4A59-BED5-53B00EFAF773}.Release|Any CPU.Build.0 = Release|Any CPU
	EndGlobalSection
	GlobalSection(SolutionProperties) = preSolution
		HideSolutionNode = FALSE
	EndGlobalSection
	GlobalSection(ExtensibilityGlobals) = postSolution
		SolutionGuid = {EDFAC997-7109-4DE9-B8F2-5F23E78CC176}
	EndGlobalSection
EndGlobal
